
Microsoft Visual Studio Solution File, Format Version 12.00
# Visual Studio 15
VisualStudioVersion = 15.0.27130.2020
MinimumVisualStudioVersion = 10.0.40219.1
Project("{FAE04EC0-301F-11D3-BF4B-00C04F79EFBC}") = "WordLan", "WordLan\WordLan.csproj", "{CBB2F443-CA15-4A77-AD2F-40706DBCE551}"
EndProject
Global
	GlobalSection(SolutionConfigurationPlatforms) = preSolution
		Debug|Any CPU = Debug|Any CPU
		Release|Any CPU = Release|Any CPU
	EndGlobalSection
	GlobalSection(ProjectConfigurationPlatforms) = postSolution
		{CBB2F443-CA15-4A77-AD2F-40706DBCE551}.Debug|Any CPU.ActiveCfg = Debug|Any CPU
		{CBB2F443-CA15-4A77-AD2F-40706DBCE551}.Debug|Any CPU.Build.0 = Debug|Any CPU
		{CBB2F443-CA15-4A77-AD2F-40706DBCE551}.Release|Any CPU.ActiveCfg = Release|Any CPU
		{CBB2F443-CA15-4A77-AD2F-40706DBCE551}.Release|Any CPU.Build.0 = Release|Any CPU
	EndGlobalSection
	GlobalSection(SolutionProperties) = preSolution
		HideSolutionNode = FALSE
	EndGlobalSection
	GlobalSection(ExtensibilityGlobals) = postSolution
		SolutionGuid = {AC46BA56-D352-42DE-A3C1-8EB8D8DBFFC9}
	EndGlobalSection
EndGlobal
